
Microsoft Visual Studio Solution File, Format Version 12.00
# Visual Studio Version 17
VisualStudioVersion = 17.14.36518.9 d17.14
MinimumVisualStudioVersion = 10.0.40219.1
Project("{F184B08F-C81C-45F6-A57F-5ABD9991F28F}") = "Activity12WebServices", "Activity12WebServices\Activity12WebServices.vbproj", "{62CB9F7F-3401-462E-ABE4-6F25819469B2}"
EndProject
Global
	GlobalSection(SolutionConfigurationPlatforms) = preSolution
		Debug|Any CPU = Debug|Any CPU
		Release|Any CPU = Release|Any CPU
	EndGlobalSection
	GlobalSection(ProjectConfigurationPlatforms) = postSolution
		{62CB9F7F-3401-462E-ABE4-6F25819469B2}.Debug|Any CPU.ActiveCfg = Debug|Any CPU
		{62CB9F7F-3401-462E-ABE4-6F25819469B2}.Debug|Any CPU.Build.0 = Debug|Any CPU
		{62CB9F7F-3401-462E-ABE4-6F25819469B2}.Release|Any CPU.ActiveCfg = Release|Any CPU
		{62CB9F7F-3401-462E-ABE4-6F25819469B2}.Release|Any CPU.Build.0 = Release|Any CPU
	EndGlobalSection
	GlobalSection(SolutionProperties) = preSolution
		HideSolutionNode = FALSE
	EndGlobalSection
	GlobalSection(ExtensibilityGlobals) = postSolution
		SolutionGuid = {6AB526E4-085F-4FD4-AACC-28CEC94EEFD0}
	EndGlobalSection
EndGlobal
